// !$*UTF8*$!
{
	archiveVersion = 1;
	classes = {
	};
	objectVersion = 50;
	objects = {

/* Begin PBXBuildFile section */
		6FDB51B02095BDB200E5CB88 /* AppDelegate.swift in Sources */ = {isa = PBXBuildFile; fileRef = 6FDB51AF2095BDB200E5CB88 /* AppDelegate.swift */; };
		6FDB51B22095BDB200E5CB88 /* CategoriesVC.swift in Sources */ = {isa = PBXBuildFile; fileRef = 6FDB51B12095BDB200E5CB88 /* CategoriesVC.swift */; };
		6FDB51B52095BDB200E5CB88 /* Main.storyboard in Resources */ = {isa = PBXBuildFile; fileRef = 6FDB51B32095BDB200E5CB88 /* Main.storyboard */; };
		6FDB51B72095BDB300E5CB88 /* Assets.xcassets in Resources */ = {isa = PBXBuildFile; fileRef = 6FDB51B62095BDB300E5CB88 /* Assets.xcassets */; };
		6FDB51BA2095BDB300E5CB88 /* LaunchScreen.storyboard in Resources */ = {isa = PBXBuildFile; fileRef = 6FDB51B82095BDB300E5CB88 /* LaunchScreen.storyboard */; };
		6FDB51C52095C56200E5CB88 /* CategoryCell.swift in Sources */ = {isa = PBXBuildFile; fileRef = 6FDB51C42095C56200E5CB88 /* CategoryCell.swift */; };
		6FDB51C72095CF1600E5CB88 /* Category.swift in Sources */ = {isa = PBXBuildFile; fileRef = 6FDB51C62095CF1600E5CB88 /* Category.swift */; };
		6FDB51CA2095D1FB00E5CB88 /* DataService.swift in Sources */ = {isa = PBXBuildFile; fileRef = 6FDB51C92095D1FB00E5CB88 /* DataService.swift */; };
/* End PBXBuildFile section */

/* Begin PBXFileReference section */
		6FDB51AC2095BDB200E5CB88 /* app-shop.app */ = {isa = PBXFileReference; explicitFileType = wrapper.application; includeInIndex = 0; path = "app-shop.app"; sourceTree = BUILT_PRODUCTS_DIR; };
		6FDB51AF2095BDB200E5CB88 /* AppDelegate.swift */ = {isa = PBXFileReference; lastKnownFileType = sourcecode.swift; path = AppDelegate.swift; sourceTree = "<group>"; };
		6FDB51B12095BDB200E5CB88 /* CategoriesVC.swift */ = {isa = PBXFileReference; lastKnownFileType = sourcecode.swift; path = CategoriesVC.swift; sourceTree = "<group>"; };
		6FDB51B42095BDB200E5CB88 /* Base */ = {isa = PBXFileReference; lastKnownFileType = file.storyboard; name = Base; path = Base.lproj/Main.storyboard; sourceTree = "<group>"; };
		6FDB51B62095BDB300E5CB88 /* Assets.xcassets */ = {isa = PBXFileReference; lastKnownFileType = folder.assetcatalog; path = Assets.xcassets; sourceTree = "<group>"; };
		6FDB51B92095BDB300E5CB88 /* Base */ = {isa = PBXFileReference; lastKnownFileType = file.storyboard; name = Base; path = Base.lproj/LaunchScreen.storyboard; sourceTree = "<group>"; };
		6FDB51BB2095BDB300E5CB88 /* Info.plist */ = {isa = PBXFileReference; lastKnownFileType = text.plist.xml; path = Info.plist; sourceTree = "<group>"; };
		6FDB51C42095C56200E5CB88 /* CategoryCell.swift */ = {isa = PBXFileReference; lastKnownFileType = sourcecode.swift; path = CategoryCell.swift; sourceTree = "<group>"; };
		6FDB51C62095CF1600E5CB88 /* Category.swift */ = {isa = PBXFileReference; lastKnownFileType = sourcecode.swift; path = Category.swift; sourceTree = "<group>"; };
		6FDB51C92095D1FB00E5CB88 /* DataService.swift */ = {isa = PBXFileReference; lastKnownFileType = sourcecode.swift; path = DataService.swift; sourceTree = "<group>"; };
/* End PBXFileReference section */

/* Begin PBXFrameworksBuildPhase section */
		6FDB51A92095BDB200E5CB88 /* Frameworks */ = {
			isa = PBXFrameworksBuildPhase;
			buildActionMask = 2147483647;
			files = (
			);
			runOnlyForDeploymentPostprocessing = 0;
		};
/* End PBXFrameworksBuildPhase section */

/* Begin PBXGroup section */
		6FDB51A32095BDB200E5CB88 = {
			isa = PBXGroup;
			children = (
				6FDB51AE2095BDB200E5CB88 /* app-shop */,
				6FDB51AD2095BDB200E5CB88 /* Products */,
			);
			sourceTree = "<group>";
		};
		6FDB51AD2095BDB200E5CB88 /* Products */ = {
			isa = PBXGroup;
			children = (
				6FDB51AC2095BDB200E5CB88 /* app-shop.app */,
			);
			name = Products;
			sourceTree = "<group>";
		};
		6FDB51AE2095BDB200E5CB88 /* app-shop */ = {
			isa = PBXGroup;
			children = (
				6FDB51C82095D1E600E5CB88 /* Services */,
				6FDB51C32095C50500E5CB88 /* View */,
				6FDB51C22095C4FF00E5CB88 /* Model */,
				6FDB51C12095C4F700E5CB88 /* Controller */,
				6FDB51AF2095BDB200E5CB88 /* AppDelegate.swift */,
				6FDB51B32095BDB200E5CB88 /* Main.storyboard */,
				6FDB51B62095BDB300E5CB88 /* Assets.xcassets */,
				6FDB51B82095BDB300E5CB88 /* LaunchScreen.storyboard */,
				6FDB51BB2095BDB300E5CB88 /* Info.plist */,
			);
			path = "app-shop";
			sourceTree = "<group>";
		};
		6FDB51C12095C4F700E5CB88 /* Controller */ = {
			isa = PBXGroup;
			children = (
				6FDB51B12095BDB200E5CB88 /* CategoriesVC.swift */,
			);
			path = Controller;
			sourceTree = "<group>";
		};
		6FDB51C22095C4FF00E5CB88 /* Model */ = {
			isa = PBXGroup;
			children = (
				6FDB51C62095CF1600E5CB88 /* Category.swift */,
			);
			path = Model;
			sourceTree = "<group>";
		};
		6FDB51C32095C50500E5CB88 /* View */ = {
			isa = PBXGroup;
			children = (
				6FDB51C42095C56200E5CB88 /* CategoryCell.swift */,
			);
			path = View;
			sourceTree = "<group>";
		};
		6FDB51C82095D1E600E5CB88 /* Services */ = {
			isa = PBXGroup;
			children = (
				6FDB51C92095D1FB00E5CB88 /* DataService.swift */,
			);
			path = Services;
			sourceTree = "<group>";
		};
/* End PBXGroup section */

/* Begin PBXNativeTarget section */
		6FDB51AB2095BDB200E5CB88 /* app-shop */ = {
			isa = PBXNativeTarget;
			buildConfigurationList = 6FDB51BE2095BDB300E5CB88 /* Build configuration list for PBXNativeTarget "app-shop" */;
			buildPhases = (
				6FDB51A82095BDB200E5CB88 /* Sources */,
				6FDB51A92095BDB200E5CB88 /* Frameworks */,
				6FDB51AA2095BDB200E5CB88 /* Resources */,
			);
			buildRules = (
			);
			dependencies = (
			);
			name = "app-shop";
			productName = "app-shop";
			productReference = 6FDB51AC2095BDB200E5CB88 /* app-shop.app */;
			productType = "com.apple.product-type.application";
		};
/* End PBXNativeTarget section */

/* Begin PBXProject section */
		6FDB51A42095BDB200E5CB88 /* Project object */ = {
			isa = PBXProject;
			attributes = {
				LastSwiftUpdateCheck = 0930;
				LastUpgradeCheck = 0930;
				ORGANIZATIONNAME = "Frohlich Studio";
				TargetAttributes = {
					6FDB51AB2095BDB200E5CB88 = {
						CreatedOnToolsVersion = 9.3;
					};
				};
			};
			buildConfigurationList = 6FDB51A72095BDB200E5CB88 /* Build configuration list for PBXProject "app-shop" */;
			compatibilityVersion = "Xcode 9.3";
			developmentRegion = en;
			hasScannedForEncodings = 0;
			knownRegions = (
				en,
				Base,
			);
			mainGroup = 6FDB51A32095BDB200E5CB88;
			productRefGroup = 6FDB51AD2095BDB200E5CB88 /* Products */;
			projectDirPath = "";
			projectRoot = "";
			targets = (
				6FDB51AB2095BDB200E5CB88 /* app-shop */,
			);
		};
/* End PBXProject section */

/* Begin PBXResourcesBuildPhase section */
		6FDB51AA2095BDB200E5CB88 /* Resources */ = {
			isa = PBXResourcesBuildPhase;
			buildActionMask = 2147483647;
			files = (
				6FDB51BA2095BDB300E5CB88 /* LaunchScreen.storyboard in Resources */,
				6FDB51B72095BDB300E5CB88 /* Assets.xcassets in Resources */,
				6FDB51B52095BDB200E5CB88 /* Main.storyboard in Resources */,
			);
			runOnlyForDeploymentPostprocessing = 0;
		};
/* End PBXResourcesBuildPhase section */

/* Begin PBXSourcesBuildPhase section */
		6FDB51A82095BDB200E5CB88 /* Sources */ = {
			isa = PBXSourcesBuildPhase;
			buildActionMask = 2147483647;
			files = (
				6FDB51B22095BDB200E5CB88 /* CategoriesVC.swift in Sources */,
				6FDB51B02095BDB200E5CB88 /* AppDelegate.swift in Sources */,
				6FDB51C52095C56200E5CB88 /* CategoryCell.swift in Sources */,
				6FDB51C72095CF1600E5CB88 /* Category.swift in Sources */,
				6FDB51CA2095D1FB00E5CB88 /* DataService.swift in Sources */,
			);
			runOnlyForDeploymentPostprocessing = 0;
		};
/* End PBXSourcesBuildPhase section */

/* Begin PBXVariantGroup section */
		6FDB51B32095BDB200E5CB88 /* Main.storyboard */ = {
			isa = PBXVariantGroup;
			children = (
				6FDB51B42095BDB200E5CB88 /* Base */,
			);
			name = Main.storyboard;
			sourceTree = "<group>";
		};
		6FDB51B82095BDB300E5CB88 /* LaunchScreen.storyboard */ = {
			isa = PBXVariantGroup;
			children = (
				6FDB51B92095BDB300E5CB88 /* Base */,
			);
			name = LaunchScreen.storyboard;
			sourceTree = "<group>";
		};
/* End PBXVariantGroup section */

/* Begin XCBuildConfiguration section */
		6FDB51BC2095BDB300E5CB88 /* Debug */ = {
			isa = XCBuildConfiguration;
			buildSettings = {
				ALWAYS_SEARCH_USER_PATHS = NO;
				CLANG_ANALYZER_NONNULL = YES;
				CLANG_ANALYZER_NUMBER_OBJECT_CONVERSION = YES_AGGRESSIVE;
				CLANG_CXX_LANGUAGE_STANDARD = "gnu++14";
				CLANG_CXX_LIBRARY = "libc++";
				CLANG_ENABLE_MODULES = YES;
				CLANG_ENABLE_OBJC_ARC = YES;
				CLANG_ENABLE_OBJC_WEAK = YES;
				CLANG_WARN_BLOCK_CAPTURE_AUTORELEASING = YES;
				CLANG_WARN_BOOL_CONVERSION = YES;
				CLANG_WARN_COMMA = YES;
				CLANG_WARN_CONSTANT_CONVERSION = YES;
				CLANG_WARN_DEPRECATED_OBJC_IMPLEMENTATIONS = YES;
				CLANG_WARN_DIRECT_OBJC_ISA_USAGE = YES_ERROR;
				CLANG_WARN_DOCUMENTATION_COMMENTS = YES;
				CLANG_WARN_EMPTY_BODY = YES;
				CLANG_WARN_ENUM_CONVERSION = YES;
				CLANG_WARN_INFINITE_RECURSION = YES;
				CLANG_WARN_INT_CONVERSION = YES;
				CLANG_WARN_NON_LITERAL_NULL_CONVERSION = YES;
				CLANG_WARN_OBJC_IMPLICIT_RETAIN_SELF = YES;
				CLANG_WARN_OBJC_LITERAL_CONVERSION = YES;
				CLANG_WARN_OBJC_ROOT_CLASS = YES_ERROR;
				CLANG_WARN_RANGE_LOOP_ANALYSIS = YES;
				CLANG_WARN_STRICT_PROTOTYPES = YES;
				CLANG_WARN_SUSPICIOUS_MOVE = YES;
				CLANG_WARN_UNGUARDED_AVAILABILITY = YES_AGGRESSIVE;
				CLANG_WARN_UNREACHABLE_CODE = YES;
				CLANG_WARN__DUPLICATE_METHOD_MATCH = YES;
				CODE_SIGN_IDENTITY = "iPhone Developer";
				COPY_PHASE_STRIP = NO;
				DEBUG_INFORMATION_FORMAT = dwarf;
				ENABLE_STRICT_OBJC_MSGSEND = YES;
				ENABLE_TESTABILITY = YES;
				GCC_C_LANGUAGE_STANDARD = gnu11;
				GCC_DYNAMIC_NO_PIC = NO;
				GCC_NO_COMMON_BLOCKS = YES;
				GCC_OPTIMIZATION_LEVEL = 0;
				GCC_PREPROCESSOR_DEFINITIONS = (
					"DEBUG=1",
					"$(inherited)",
				);
				GCC_WARN_64_TO_32_BIT_CONVERSION = YES;
				GCC_WARN_ABOUT_RETURN_TYPE = YES_ERROR;
				GCC_WARN_UNDECLARED_SELECTOR = YES;
				GCC_WARN_UNINITIALIZED_AUTOS = YES_AGGRESSIVE;
				GCC_WARN_UNUSED_FUNCTION = YES;
				GCC_WARN_UNUSED_VARIABLE = YES;
				IPHONEOS_DEPLOYMENT_TARGET = 11.3;
				MTL_ENABLE_DEBUG_INFO = YES;
				ONLY_ACTIVE_ARCH = YES;
				SDKROOT = iphoneos;
				SWIFT_ACTIVE_COMPILATION_CONDITIONS = DEBUG;
				SWIFT_OPTIMIZATION_LEVEL = "-Onone";
			};
			name = Debug;
		};
		6FDB51BD2095BDB300E5CB88 /* Release */ = {
			isa = XCBuildConfiguration;
			buildSettings = {
				ALWAYS_SEARCH_USER_PATHS = NO;
				CLANG_ANALYZER_NONNULL = YES;
				CLANG_ANALYZER_NUMBER_OBJECT_CONVERSION = YES_AGGRESSIVE;
				CLANG_CXX_LANGUAGE_STANDARD = "gnu++14";
				CLANG_CXX_LIBRARY = "libc++";
				CLANG_ENABLE_MODULES = YES;
				CLANG_ENABLE_OBJC_ARC = YES;
				CLANG_ENABLE_OBJC_WEAK = YES;
				CLANG_WARN_BLOCK_CAPTURE_AUTORELEASING = YES;
				CLANG_WARN_BOOL_CONVERSION = YES;
				CLANG_WARN_COMMA = YES;
				CLANG_WARN_CONSTANT_CONVERSION = YES;
				CLANG_WARN_DEPRECATED_OBJC_IMPLEMENTATIONS = YES;
				CLANG_WARN_DIRECT_OBJC_ISA_USAGE = YES_ERROR;
				CLANG_WARN_DOCUMENTATION_COMMENTS = YES;
				CLANG_WARN_EMPTY_BODY = YES;
				CLANG_WARN_ENUM_CONVERSION = YES;
				CLANG_WARN_INFINITE_RECURSION = YES;
				CLANG_WARN_INT_CONVERSION = YES;
				CLANG_WARN_NON_LITERAL_NULL_CONVERSION = YES;
				CLANG_WARN_OBJC_IMPLICIT_RETAIN_SELF = YES;
				CLANG_WARN_OBJC_LITERAL_CONVERSION = YES;
				CLANG_WARN_OBJC_ROOT_CLASS = YES_ERROR;
				CLANG_WARN_RANGE_LOOP_ANALYSIS = YES;
				CLANG_WARN_STRICT_PROTOTYPES = YES;
				CLANG_WARN_SUSPICIOUS_MOVE = YES;
				CLANG_WARN_UNGUARDED_AVAILABILITY = YES_AGGRESSIVE;
				CLANG_WARN_UNREACHABLE_CODE = YES;
				CLANG_WARN__DUPLICATE_METHOD_MATCH = YES;
				CODE_SIGN_IDENTITY = "iPhone Developer";
				COPY_PHASE_STRIP = NO;
				DEBUG_INFORMATION_FORMAT = "dwarf-with-dsym";
				ENABLE_NS_ASSERTIONS = NO;
				ENABLE_STRICT_OBJC_MSGSEND = YES;
				GCC_C_LANGUAGE_STANDARD = gnu11;
				GCC_NO_COMMON_BLOCKS = YES;
				GCC_WARN_64_TO_32_BIT_CONVERSION = YES;
				GCC_WARN_ABOUT_RETURN_TYPE = YES_ERROR;
				GCC_WARN_UNDECLARED_SELECTOR = YES;
				GCC_WARN_UNINITIALIZED_AUTOS = YES_AGGRESSIVE;
				GCC_WARN_UNUSED_FUNCTION = YES;
				GCC_WARN_UNUSED_VARIABLE = YES;
				IPHONEOS_DEPLOYMENT_TARGET = 11.3;
				MTL_ENABLE_DEBUG_INFO = NO;
				SDKROOT = iphoneos;
				SWIFT_COMPILATION_MODE = wholemodule;
				SWIFT_OPTIMIZATION_LEVEL = "-O";
				VALIDATE_PRODUCT = YES;
			};
			name = Release;
		};
		6FDB51BF2095BDB300E5CB88 /* Debug */ = {
			isa = XCBuildConfiguration;
			buildSettings = {
				ASSETCATALOG_COMPILER_APPICON_NAME = AppIcon;
				CODE_SIGN_STYLE = Automatic;
				DEVELOPMENT_TEAM = 8G5XPDM6VJ;
				INFOPLIST_FILE = "app-shop/Info.plist";
				LD_RUNPATH_SEARCH_PATHS = (
					"$(inherited)",
					"@executable_path/Frameworks",
				);
				PRODUCT_BUNDLE_IDENTIFIER = "studio.frohlich.app-shop";
				PRODUCT_NAME = "$(TARGET_NAME)";
				SWIFT_VERSION = 4.0;
				TARGETED_DEVICE_FAMILY = "1,2";
			};
			name = Debug;
		};
		6FDB51C02095BDB300E5CB88 /* Release */ = {
			isa = XCBuildConfiguration;
			buildSettings = {
				ASSETCATALOG_COMPILER_APPICON_NAME = AppIcon;
				CODE_SIGN_STYLE = Automatic;
				DEVELOPMENT_TEAM = 8G5XPDM6VJ;
				INFOPLIST_FILE = "app-shop/Info.plist";
				LD_RUNPATH_SEARCH_PATHS = (
					"$(inherited)",
					"@executable_path/Frameworks",
				);
				PRODUCT_BUNDLE_IDENTIFIER = "studio.frohlich.app-shop";
				PRODUCT_NAME = "$(TARGET_NAME)";
				SWIFT_VERSION = 4.0;
				TARGETED_DEVICE_FAMILY = "1,2";
			};
			name = Release;
		};
/* End XCBuildConfiguration section */

/* Begin XCConfigurationList section */
		6FDB51A72095BDB200E5CB88 /* Build configuration list for PBXProject "app-shop" */ = {
			isa = XCConfigurationList;
			buildConfigurations = (
				6FDB51BC2095BDB300E5CB88 /* Debug */,
				6FDB51BD2095BDB300E5CB88 /* Release */,
			);
			defaultConfigurationIsVisible = 0;
			defaultConfigurationName = Release;
		};
		6FDB51BE2095BDB300E5CB88 /* Build configuration list for PBXNativeTarget "app-shop" */ = {
			isa = XCConfigurationList;
			buildConfigurations = (
				6FDB51BF2095BDB300E5CB88 /* Debug */,
				6FDB51C02095BDB300E5CB88 /* Release */,
			);
			defaultConfigurationIsVisible = 0;
			defaultConfigurationName = Release;
		};
/* End XCConfigurationList section */
	};
	rootObject = 6FDB51A42095BDB200E5CB88 /* Project object */;
}
